# @generated by Move, please check-in and do not edit manually.

[move]
version = 3
manifest_digest = "17EE560A12860FC8F44EBC7C82FF6A1A500B0A06792C0C61073A5D3419D3DE37"
deps_digest = "F8BBB0CCB2491CA29A3DF03D6F92277A4F3574266507ACD77214D37ECA3F3082"
dependencies = [
  { id = "Sui", name = "Sui" },
]

[[move.package]]
id = "MoveStdlib"
source = { git = "https://github.com/MystenLabs/sui.git", rev = "testnet", subdir = "crates/sui-framework/packages/move-stdlib" }

[[move.package]]
id = "Sui"
source = { git = "https://github.com/MystenLabs/sui.git", rev = "testnet", subdir = "crates/sui-framework/packages/sui-framework" }

dependencies = [
  { id = "MoveStdlib", name = "MoveStdlib" },
]

[move.toolchain-version]
compiler-version = "1.35.1"
edition = "2024.beta"
flavor = "sui"

[env]

[env.suiscan-test]
chain-id = "4c78adac"
original-published-id = "0x5adaab4cc20686a982571d43b169f9a2786daa61c2998abfee03163fb70c3148"
latest-published-id = "0x5adaab4cc20686a982571d43b169f9a2786daa61c2998abfee03163fb70c3148"
published-version = "1"
