# @generated by Move, please check-in and do not edit manually.

[move]
version = 3
manifest_digest = "0B86D5379405D344D3796364561AB235C9F59971D66D70DE738DB4D4C7553EEF"
deps_digest = "F8BBB0CCB2491CA29A3DF03D6F92277A4F3574266507ACD77214D37ECA3F3082"
dependencies = [
  { id = "Sui", name = "Sui" },
]

[[move.package]]
id = "MoveStdlib"
source = { git = "https://github.com/MystenLabs/sui.git", rev = "34416bfce4f949c7ba07e08a47535f15f59dbf4a", subdir = "crates/sui-framework/packages/move-stdlib" }

[[move.package]]
id = "Sui"
source = { git = "https://github.com/MystenLabs/sui.git", rev = "34416bfce4f949c7ba07e08a47535f15f59dbf4a", subdir = "crates/sui-framework/packages/sui-framework" }

dependencies = [
  { id = "MoveStdlib", name = "MoveStdlib" },
]

[move.toolchain-version]
compiler-version = "1.35.1"
edition = "2024.beta"
flavor = "sui"

[env]

[env.suiscan-test]
chain-id = "4c78adac"
original-published-id = "0xa4a6b2b139a3e08cbef8f8169f01def1f8d2abb85b6468c77204593f1df7c8ae"
latest-published-id = "0xa4a6b2b139a3e08cbef8f8169f01def1f8d2abb85b6468c77204593f1df7c8ae"
published-version = "1"
